
Microsoft Visual Studio Solution File, Format Version 12.00
# Visual Studio Version 16
VisualStudioVersion = 16.0.31321.278
MinimumVisualStudioVersion = 10.0.40219.1
Project("{8BC9CEB8-8B4A-11D0-8D11-00A0C91BC942}") = "API02", "API02\API02.vcxproj", "{81C48CA9-C666-44B7-BAC8-3CC6564E3605}"
EndProject
Global
	GlobalSection(SolutionConfigurationPlatforms) = preSolution
		Debug|x64 = Debug|x64
		Debug|x86 = Debug|x86
		Release|x64 = Release|x64
		Release|x86 = Release|x86
	EndGlobalSection
	GlobalSection(ProjectConfigurationPlatforms) = postSolution
		{81C48CA9-C666-44B7-BAC8-3CC6564E3605}.Debug|x64.ActiveCfg = Debug|x64
		{81C48CA9-C666-44B7-BAC8-3CC6564E3605}.Debug|x64.Build.0 = Debug|x64
		{81C48CA9-C666-44B7-BAC8-3CC6564E3605}.Debug|x86.ActiveCfg = Debug|Win32
		{81C48CA9-C666-44B7-BAC8-3CC6564E3605}.Debug|x86.Build.0 = Debug|Win32
		{81C48CA9-C666-44B7-BAC8-3CC6564E3605}.Release|x64.ActiveCfg = Release|x64
		{81C48CA9-C666-44B7-BAC8-3CC6564E3605}.Release|x64.Build.0 = Release|x64
		{81C48CA9-C666-44B7-BAC8-3CC6564E3605}.Release|x86.ActiveCfg = Release|Win32
		{81C48CA9-C666-44B7-BAC8-3CC6564E3605}.Release|x86.Build.0 = Release|Win32
	EndGlobalSection
	GlobalSection(SolutionProperties) = preSolution
		HideSolutionNode = FALSE
	EndGlobalSection
	GlobalSection(ExtensibilityGlobals) = postSolution
		SolutionGuid = {BC4E6316-80DC-4DE3-A7D3-C1F536D04E12}
	EndGlobalSection
EndGlobal
