<?xml version="1.0" encoding="utf-8"?>
<Project ToolsVersion="4.0" xmlns="http://schemas.microsoft.com/developer/msbuild/2003">
  <ItemGroup>
    <Filter Include="소스 파일">
      <UniqueIdentifier>{4FC737F1-C7A5-4376-A066-2A32D752A2FF}</UniqueIdentifier>
      <Extensions>cpp;c;cc;cxx;c++;cppm;ixx;def;odl;idl;hpj;bat;asm;asmx</Extensions>
    </Filter>
    <Filter Include="헤더 파일">
      <UniqueIdentifier>{93995380-89BD-4b04-88EB-625FBE52EBFB}</UniqueIdentifier>
      <Extensions>h;hh;hpp;hxx;h++;hm;inl;inc;ipp;xsd</Extensions>
    </Filter>
    <Filter Include="리소스 파일">
      <UniqueIdentifier>{67DA6AB6-F800-4c08-8B7A-83BB121AAD01}</UniqueIdentifier>
      <Extensions>rc;ico;cur;bmp;dlg;rc2;rct;bin;rgs;gif;jpg;jpeg;jpe;resx;tiff;tif;png;wav;mfcribbon-ms</Extensions>
    </Filter>
    <Filter Include="소스 파일\TextRpg">
      <UniqueIdentifier>{2f0b4747-b7ce-47b1-97fc-42fa61d0a038}</UniqueIdentifier>
    </Filter>
    <Filter Include="소스 파일\TextRpg\Character">
      <UniqueIdentifier>{d876e6fe-077f-4a27-8da1-c71bdddbc13f}</UniqueIdentifier>
    </Filter>
    <Filter Include="소스 파일\TextRpg\GameObject">
      <UniqueIdentifier>{cb70666f-02b8-43c2-8f21-49735af69404}</UniqueIdentifier>
    </Filter>
    <Filter Include="소스 파일\TextRpg\Monster">
      <UniqueIdentifier>{5de848c1-4c1c-4b8d-9ccb-4d92cfb7d070}</UniqueIdentifier>
    </Filter>
    <Filter Include="소스 파일\TextRpg\Util">
      <UniqueIdentifier>{50b4c533-41fb-4a05-8ea4-5a95f37888b2}</UniqueIdentifier>
    </Filter>
  </ItemGroup>
  <ItemGroup>
    <ClCompile Include="main.cpp">
      <Filter>소스 파일\TextRpg</Filter>
    </ClCompile>
    <ClCompile Include="GameObject.cpp">
      <Filter>소스 파일\TextRpg\GameObject</Filter>
    </ClCompile>
    <ClCompile Include="Character.cpp">
      <Filter>소스 파일\TextRpg\Character</Filter>
    </ClCompile>
    <ClCompile Include="Monster.cpp">
      <Filter>소스 파일\TextRpg\Monster</Filter>
    </ClCompile>
    <ClCompile Include="Util.cpp">
      <Filter>소스 파일\TextRpg\Util</Filter>
    </ClCompile>
  </ItemGroup>
  <ItemGroup>
    <ClInclude Include="Character.h">
      <Filter>소스 파일\TextRpg\Character</Filter>
    </ClInclude>
    <ClInclude Include="GameObject.h">
      <Filter>소스 파일\TextRpg\GameObject</Filter>
    </ClInclude>
    <ClInclude Include="Monster.h">
      <Filter>소스 파일\TextRpg\Monster</Filter>
    </ClInclude>
    <ClInclude Include="Util.h">
      <Filter>소스 파일\TextRpg\Util</Filter>
    </ClInclude>
  </ItemGroup>
</Project>